
Microsoft Visual Studio Solution File, Format Version 12.00
# Visual Studio 15
Project("{FAE04EC0-301F-11D3-BF4B-00C04F79EFBC}") = "core", "core.csproj", "{A5091B9B-03A8-47FD-934E-DB5DF16ED61B}"
EndProject
Global
	GlobalSection(SolutionConfigurationPlatforms) = preSolution
		Debug|Any CPU = Debug|Any CPU
		Release|Any CPU = Release|Any CPU
	EndGlobalSection
	GlobalSection(ProjectConfigurationPlatforms) = postSolution
		{A5091B9B-03A8-47FD-934E-DB5DF16ED61B}.Debug|Any CPU.ActiveCfg = Debug|Any CPU
		{A5091B9B-03A8-47FD-934E-DB5DF16ED61B}.Debug|Any CPU.Build.0 = Debug|Any CPU
		{A5091B9B-03A8-47FD-934E-DB5DF16ED61B}.Release|Any CPU.ActiveCfg = Release|Any CPU
		{A5091B9B-03A8-47FD-934E-DB5DF16ED61B}.Release|Any CPU.Build.0 = Release|Any CPU
	EndGlobalSection
EndGlobal
